// !$*UTF8*$!
{
	archiveVersion = 1;
	classes = {
	};
	objectVersion = 77;
	objects = {

/* Begin PBXContainerItemProxy section */
		0405495E2D56BB3C001206B2 /* PBXContainerItemProxy */ = {
			isa = PBXContainerItemProxy;
			containerPortal = 040549442D56BB3A001206B2 /* Project object */;
			proxyType = 1;
			remoteGlobalIDString = 0405494B2D56BB3A001206B2;
			remoteInfo = "cyber-todoist";
		};
		040549682D56BB3C001206B2 /* PBXContainerItemProxy */ = {
			isa = PBXContainerItemProxy;
			containerPortal = 040549442D56BB3A001206B2 /* Project object */;
			proxyType = 1;
			remoteGlobalIDString = 0405494B2D56BB3A001206B2;
			remoteInfo = "cyber-todoist";
		};
/* End PBXContainerItemProxy section */

/* Begin PBXFileReference section */
		0405494C2D56BB3A001206B2 /* cyber-todoist.app */ = {isa = PBXFileReference; explicitFileType = wrapper.application; includeInIndex = 0; path = "cyber-todoist.app"; sourceTree = BUILT_PRODUCTS_DIR; };
		0405495D2D56BB3C001206B2 /* cyber-todoistTests.xctest */ = {isa = PBXFileReference; explicitFileType = wrapper.cfbundle; includeInIndex = 0; path = "cyber-todoistTests.xctest"; sourceTree = BUILT_PRODUCTS_DIR; };
		040549672D56BB3C001206B2 /* cyber-todoistUITests.xctest */ = {isa = PBXFileReference; explicitFileType = wrapper.cfbundle; includeInIndex = 0; path = "cyber-todoistUITests.xctest"; sourceTree = BUILT_PRODUCTS_DIR; };
/* End PBXFileReference section */

/* Begin PBXFileSystemSynchronizedRootGroup section */
		0405494E2D56BB3A001206B2 /* cyber-todoist */ = {
			isa = PBXFileSystemSynchronizedRootGroup;
			path = "cyber-todoist";
			sourceTree = "<group>";
		};
		040549602D56BB3C001206B2 /* cyber-todoistTests */ = {
			isa = PBXFileSystemSynchronizedRootGroup;
			path = "cyber-todoistTests";
			sourceTree = "<group>";
		};
		0405496A2D56BB3C001206B2 /* cyber-todoistUITests */ = {
			isa = PBXFileSystemSynchronizedRootGroup;
			path = "cyber-todoistUITests";
			sourceTree = "<group>";
		};
/* End PBXFileSystemSynchronizedRootGroup section */

/* Begin PBXFrameworksBuildPhase section */
		040549492D56BB3A001206B2 /* Frameworks */ = {
			isa = PBXFrameworksBuildPhase;
			buildActionMask = 2147483647;
			files = (
			);
			runOnlyForDeploymentPostprocessing = 0;
		};
		0405495A2D56BB3C001206B2 /* Frameworks */ = {
			isa = PBXFrameworksBuildPhase;
			buildActionMask = 2147483647;
			files = (
			);
			runOnlyForDeploymentPostprocessing = 0;
		};
		040549642D56BB3C001206B2 /* Frameworks */ = {
			isa = PBXFrameworksBuildPhase;
			buildActionMask = 2147483647;
			files = (
			);
			runOnlyForDeploymentPostprocessing = 0;
		};
/* End PBXFrameworksBuildPhase section */

/* Begin PBXGroup section */
		040549432D56BB3A001206B2 = {
			isa = PBXGroup;
			children = (
				0405494E2D56BB3A001206B2 /* cyber-todoist */,
				040549602D56BB3C001206B2 /* cyber-todoistTests */,
				0405496A2D56BB3C001206B2 /* cyber-todoistUITests */,
				0405494D2D56BB3A001206B2 /* Products */,
			);
			sourceTree = "<group>";
		};
		0405494D2D56BB3A001206B2 /* Products */ = {
			isa = PBXGroup;
			children = (
				0405494C2D56BB3A001206B2 /* cyber-todoist.app */,
				0405495D2D56BB3C001206B2 /* cyber-todoistTests.xctest */,
				040549672D56BB3C001206B2 /* cyber-todoistUITests.xctest */,
			);
			name = Products;
			sourceTree = "<group>";
		};
/* End PBXGroup section */

/* Begin PBXNativeTarget section */
		0405494B2D56BB3A001206B2 /* cyber-todoist */ = {
			isa = PBXNativeTarget;
			buildConfigurationList = 040549712D56BB3C001206B2 /* Build configuration list for PBXNativeTarget "cyber-todoist" */;
			buildPhases = (
				040549482D56BB3A001206B2 /* Sources */,
				040549492D56BB3A001206B2 /* Frameworks */,
				0405494A2D56BB3A001206B2 /* Resources */,
			);
			buildRules = (
			);
			dependencies = (
			);
			fileSystemSynchronizedGroups = (
				0405494E2D56BB3A001206B2 /* cyber-todoist */,
			);
			name = "cyber-todoist";
			packageProductDependencies = (
			);
			productName = "cyber-todoist";
			productReference = 0405494C2D56BB3A001206B2 /* cyber-todoist.app */;
			productType = "com.apple.product-type.application";
		};
		0405495C2D56BB3C001206B2 /* cyber-todoistTests */ = {
			isa = PBXNativeTarget;
			buildConfigurationList = 040549742D56BB3C001206B2 /* Build configuration list for PBXNativeTarget "cyber-todoistTests" */;
			buildPhases = (
				040549592D56BB3C001206B2 /* Sources */,
				0405495A2D56BB3C001206B2 /* Frameworks */,
				0405495B2D56BB3C001206B2 /* Resources */,
			);
			buildRules = (
			);
			dependencies = (
				0405495F2D56BB3C001206B2 /* PBXTargetDependency */,
			);
			fileSystemSynchronizedGroups = (
				040549602D56BB3C001206B2 /* cyber-todoistTests */,
			);
			name = "cyber-todoistTests";
			packageProductDependencies = (
			);
			productName = "cyber-todoistTests";
			productReference = 0405495D2D56BB3C001206B2 /* cyber-todoistTests.xctest */;
			productType = "com.apple.product-type.bundle.unit-test";
		};
		040549662D56BB3C001206B2 /* cyber-todoistUITests */ = {
			isa = PBXNativeTarget;
			buildConfigurationList = 040549772D56BB3C001206B2 /* Build configuration list for PBXNativeTarget "cyber-todoistUITests" */;
			buildPhases = (
				040549632D56BB3C001206B2 /* Sources */,
				040549642D56BB3C001206B2 /* Frameworks */,
				040549652D56BB3C001206B2 /* Resources */,
			);
			buildRules = (
			);
			dependencies = (
				040549692D56BB3C001206B2 /* PBXTargetDependency */,
			);
			fileSystemSynchronizedGroups = (
				0405496A2D56BB3C001206B2 /* cyber-todoistUITests */,
			);
			name = "cyber-todoistUITests";
			packageProductDependencies = (
			);
			productName = "cyber-todoistUITests";
			productReference = 040549672D56BB3C001206B2 /* cyber-todoistUITests.xctest */;
			productType = "com.apple.product-type.bundle.ui-testing";
		};
/* End PBXNativeTarget section */

/* Begin PBXProject section */
		040549442D56BB3A001206B2 /* Project object */ = {
			isa = PBXProject;
			attributes = {
				BuildIndependentTargetsInParallel = 1;
				LastSwiftUpdateCheck = 1620;
				LastUpgradeCheck = 1620;
				TargetAttributes = {
					0405494B2D56BB3A001206B2 = {
						CreatedOnToolsVersion = 16.2;
					};
					0405495C2D56BB3C001206B2 = {
						CreatedOnToolsVersion = 16.2;
						TestTargetID = 0405494B2D56BB3A001206B2;
					};
					040549662D56BB3C001206B2 = {
						CreatedOnToolsVersion = 16.2;
						TestTargetID = 0405494B2D56BB3A001206B2;
					};
				};
			};
			buildConfigurationList = 040549472D56BB3A001206B2 /* Build configuration list for PBXProject "cyber-todoist" */;
			developmentRegion = en;
			hasScannedForEncodings = 0;
			knownRegions = (
				en,
				Base,
			);
			mainGroup = 040549432D56BB3A001206B2;
			minimizedProjectReferenceProxies = 1;
			preferredProjectObjectVersion = 77;
			productRefGroup = 0405494D2D56BB3A001206B2 /* Products */;
			projectDirPath = "";
			projectRoot = "";
			targets = (
				0405494B2D56BB3A001206B2 /* cyber-todoist */,
				0405495C2D56BB3C001206B2 /* cyber-todoistTests */,
				040549662D56BB3C001206B2 /* cyber-todoistUITests */,
			);
		};
/* End PBXProject section */

/* Begin PBXResourcesBuildPhase section */
		0405494A2D56BB3A001206B2 /* Resources */ = {
			isa = PBXResourcesBuildPhase;
			buildActionMask = 2147483647;
			files = (
			);
			runOnlyForDeploymentPostprocessing = 0;
		};
		0405495B2D56BB3C001206B2 /* Resources */ = {
			isa = PBXResourcesBuildPhase;
			buildActionMask = 2147483647;
			files = (
			);
			runOnlyForDeploymentPostprocessing = 0;
		};
		040549652D56BB3C001206B2 /* Resources */ = {
			isa = PBXResourcesBuildPhase;
			buildActionMask = 2147483647;
			files = (
			);
			runOnlyForDeploymentPostprocessing = 0;
		};
/* End PBXResourcesBuildPhase section */

/* Begin PBXSourcesBuildPhase section */
		040549482D56BB3A001206B2 /* Sources */ = {
			isa = PBXSourcesBuildPhase;
			buildActionMask = 2147483647;
			files = (
			);
			runOnlyForDeploymentPostprocessing = 0;
		};
		040549592D56BB3C001206B2 /* Sources */ = {
			isa = PBXSourcesBuildPhase;
			buildActionMask = 2147483647;
			files = (
			);
			runOnlyForDeploymentPostprocessing = 0;
		};
		040549632D56BB3C001206B2 /* Sources */ = {
			isa = PBXSourcesBuildPhase;
			buildActionMask = 2147483647;
			files = (
			);
			runOnlyForDeploymentPostprocessing = 0;
		};
/* End PBXSourcesBuildPhase section */

/* Begin PBXTargetDependency section */
		0405495F2D56BB3C001206B2 /* PBXTargetDependency */ = {
			isa = PBXTargetDependency;
			target = 0405494B2D56BB3A001206B2 /* cyber-todoist */;
			targetProxy = 0405495E2D56BB3C001206B2 /* PBXContainerItemProxy */;
		};
		040549692D56BB3C001206B2 /* PBXTargetDependency */ = {
			isa = PBXTargetDependency;
			target = 0405494B2D56BB3A001206B2 /* cyber-todoist */;
			targetProxy = 040549682D56BB3C001206B2 /* PBXContainerItemProxy */;
		};
/* End PBXTargetDependency section */

/* Begin XCBuildConfiguration section */
		0405496F2D56BB3C001206B2 /* Debug */ = {
			isa = XCBuildConfiguration;
			buildSettings = {
				ALWAYS_SEARCH_USER_PATHS = NO;
				ASSETCATALOG_COMPILER_GENERATE_SWIFT_ASSET_SYMBOL_EXTENSIONS = YES;
				CLANG_ANALYZER_NONNULL = YES;
				CLANG_ANALYZER_NUMBER_OBJECT_CONVERSION = YES_AGGRESSIVE;
				CLANG_CXX_LANGUAGE_STANDARD = "gnu++20";
				CLANG_ENABLE_MODULES = YES;
				CLANG_ENABLE_OBJC_ARC = YES;
				CLANG_ENABLE_OBJC_WEAK = YES;
				CLANG_WARN_BLOCK_CAPTURE_AUTORELEASING = YES;
				CLANG_WARN_BOOL_CONVERSION = YES;
				CLANG_WARN_COMMA = YES;
				CLANG_WARN_CONSTANT_CONVERSION = YES;
				CLANG_WARN_DEPRECATED_OBJC_IMPLEMENTATIONS = YES;
				CLANG_WARN_DIRECT_OBJC_ISA_USAGE = YES_ERROR;
				CLANG_WARN_DOCUMENTATION_COMMENTS = YES;
				CLANG_WARN_EMPTY_BODY = YES;
				CLANG_WARN_ENUM_CONVERSION = YES;
				CLANG_WARN_INFINITE_RECURSION = YES;
				CLANG_WARN_INT_CONVERSION = YES;
				CLANG_WARN_NON_LITERAL_NULL_CONVERSION = YES;
				CLANG_WARN_OBJC_IMPLICIT_RETAIN_SELF = YES;
				CLANG_WARN_OBJC_LITERAL_CONVERSION = YES;
				CLANG_WARN_OBJC_ROOT_CLASS = YES_ERROR;
				CLANG_WARN_QUOTED_INCLUDE_IN_FRAMEWORK_HEADER = YES;
				CLANG_WARN_RANGE_LOOP_ANALYSIS = YES;
				CLANG_WARN_STRICT_PROTOTYPES = YES;
				CLANG_WARN_SUSPICIOUS_MOVE = YES;
				CLANG_WARN_UNGUARDED_AVAILABILITY = YES_AGGRESSIVE;
				CLANG_WARN_UNREACHABLE_CODE = YES;
				CLANG_WARN__DUPLICATE_METHOD_MATCH = YES;
				COPY_PHASE_STRIP = NO;
				DEBUG_INFORMATION_FORMAT = dwarf;
				ENABLE_STRICT_OBJC_MSGSEND = YES;
				ENABLE_TESTABILITY = YES;
				ENABLE_USER_SCRIPT_SANDBOXING = YES;
				GCC_C_LANGUAGE_STANDARD = gnu17;
				GCC_DYNAMIC_NO_PIC = NO;
				GCC_NO_COMMON_BLOCKS = YES;
				GCC_OPTIMIZATION_LEVEL = 0;
				GCC_PREPROCESSOR_DEFINITIONS = (
					"DEBUG=1",
					"$(inherited)",
				);
				GCC_WARN_64_TO_32_BIT_CONVERSION = YES;
				GCC_WARN_ABOUT_RETURN_TYPE = YES_ERROR;
				GCC_WARN_UNDECLARED_SELECTOR = YES;
				GCC_WARN_UNINITIALIZED_AUTOS = YES_AGGRESSIVE;
				GCC_WARN_UNUSED_FUNCTION = YES;
				GCC_WARN_UNUSED_VARIABLE = YES;
				LOCALIZATION_PREFERS_STRING_CATALOGS = YES;
				MACOSX_DEPLOYMENT_TARGET = 15.2;
				MTL_ENABLE_DEBUG_INFO = INCLUDE_SOURCE;
				MTL_FAST_MATH = YES;
				ONLY_ACTIVE_ARCH = YES;
				SDKROOT = macosx;
				SWIFT_ACTIVE_COMPILATION_CONDITIONS = "DEBUG $(inherited)";
				SWIFT_OPTIMIZATION_LEVEL = "-Onone";
			};
			name = Debug;
		};
		040549702D56BB3C001206B2 /* Release */ = {
			isa = XCBuildConfiguration;
			buildSettings = {
				ALWAYS_SEARCH_USER_PATHS = NO;
				ASSETCATALOG_COMPILER_GENERATE_SWIFT_ASSET_SYMBOL_EXTENSIONS = YES;
				CLANG_ANALYZER_NONNULL = YES;
				CLANG_ANALYZER_NUMBER_OBJECT_CONVERSION = YES_AGGRESSIVE;
				CLANG_CXX_LANGUAGE_STANDARD = "gnu++20";
				CLANG_ENABLE_MODULES = YES;
				CLANG_ENABLE_OBJC_ARC = YES;
				CLANG_ENABLE_OBJC_WEAK = YES;
				CLANG_WARN_BLOCK_CAPTURE_AUTORELEASING = YES;
				CLANG_WARN_BOOL_CONVERSION = YES;
				CLANG_WARN_COMMA = YES;
				CLANG_WARN_CONSTANT_CONVERSION = YES;
				CLANG_WARN_DEPRECATED_OBJC_IMPLEMENTATIONS = YES;
				CLANG_WARN_DIRECT_OBJC_ISA_USAGE = YES_ERROR;
				CLANG_WARN_DOCUMENTATION_COMMENTS = YES;
				CLANG_WARN_EMPTY_BODY = YES;
				CLANG_WARN_ENUM_CONVERSION = YES;
				CLANG_WARN_INFINITE_RECURSION = YES;
				CLANG_WARN_INT_CONVERSION = YES;
				CLANG_WARN_NON_LITERAL_NULL_CONVERSION = YES;
				CLANG_WARN_OBJC_IMPLICIT_RETAIN_SELF = YES;
				CLANG_WARN_OBJC_LITERAL_CONVERSION = YES;
				CLANG_WARN_OBJC_ROOT_CLASS = YES_ERROR;
				CLANG_WARN_QUOTED_INCLUDE_IN_FRAMEWORK_HEADER = YES;
				CLANG_WARN_RANGE_LOOP_ANALYSIS = YES;
				CLANG_WARN_STRICT_PROTOTYPES = YES;
				CLANG_WARN_SUSPICIOUS_MOVE = YES;
				CLANG_WARN_UNGUARDED_AVAILABILITY = YES_AGGRESSIVE;
				CLANG_WARN_UNREACHABLE_CODE = YES;
				CLANG_WARN__DUPLICATE_METHOD_MATCH = YES;
				COPY_PHASE_STRIP = NO;
				DEBUG_INFORMATION_FORMAT = "dwarf-with-dsym";
				ENABLE_NS_ASSERTIONS = NO;
				ENABLE_STRICT_OBJC_MSGSEND = YES;
				ENABLE_USER_SCRIPT_SANDBOXING = YES;
				GCC_C_LANGUAGE_STANDARD = gnu17;
				GCC_NO_COMMON_BLOCKS = YES;
				GCC_WARN_64_TO_32_BIT_CONVERSION = YES;
				GCC_WARN_ABOUT_RETURN_TYPE = YES_ERROR;
				GCC_WARN_UNDECLARED_SELECTOR = YES;
				GCC_WARN_UNINITIALIZED_AUTOS = YES_AGGRESSIVE;
				GCC_WARN_UNUSED_FUNCTION = YES;
				GCC_WARN_UNUSED_VARIABLE = YES;
				LOCALIZATION_PREFERS_STRING_CATALOGS = YES;
				MACOSX_DEPLOYMENT_TARGET = 15.2;
				MTL_ENABLE_DEBUG_INFO = NO;
				MTL_FAST_MATH = YES;
				SDKROOT = macosx;
				SWIFT_COMPILATION_MODE = wholemodule;
			};
			name = Release;
		};
		040549722D56BB3C001206B2 /* Debug */ = {
			isa = XCBuildConfiguration;
			buildSettings = {
				ASSETCATALOG_COMPILER_APPICON_NAME = AppIcon;
				ASSETCATALOG_COMPILER_GLOBAL_ACCENT_COLOR_NAME = AccentColor;
				CODE_SIGN_ENTITLEMENTS = "cyber-todoist/cyber_todoist.entitlements";
				CODE_SIGN_STYLE = Automatic;
				COMBINE_HIDPI_IMAGES = YES;
				CURRENT_PROJECT_VERSION = 1;
				DEVELOPMENT_ASSET_PATHS = "\"cyber-todoist/Preview Content\"";
				ENABLE_PREVIEWS = YES;
				GENERATE_INFOPLIST_FILE = YES;
				INFOPLIST_KEY_NSHumanReadableCopyright = "";
				LD_RUNPATH_SEARCH_PATHS = (
					"$(inherited)",
					"@executable_path/../Frameworks",
				);
				MARKETING_VERSION = 1.0;
				PRODUCT_BUNDLE_IDENTIFIER = "jackSuOp.cyber-todoist";
				PRODUCT_NAME = "$(TARGET_NAME)";
				SWIFT_EMIT_LOC_STRINGS = YES;
				SWIFT_VERSION = 5.0;
			};
			name = Debug;
		};
		040549732D56BB3C001206B2 /* Release */ = {
			isa = XCBuildConfiguration;
			buildSettings = {
				ASSETCATALOG_COMPILER_APPICON_NAME = AppIcon;
				ASSETCATALOG_COMPILER_GLOBAL_ACCENT_COLOR_NAME = AccentColor;
				CODE_SIGN_ENTITLEMENTS = "cyber-todoist/cyber_todoist.entitlements";
				CODE_SIGN_STYLE = Automatic;
				COMBINE_HIDPI_IMAGES = YES;
				CURRENT_PROJECT_VERSION = 1;
				DEVELOPMENT_ASSET_PATHS = "\"cyber-todoist/Preview Content\"";
				ENABLE_PREVIEWS = YES;
				GENERATE_INFOPLIST_FILE = YES;
				INFOPLIST_KEY_NSHumanReadableCopyright = "";
				LD_RUNPATH_SEARCH_PATHS = (
					"$(inherited)",
					"@executable_path/../Frameworks",
				);
				MARKETING_VERSION = 1.0;
				PRODUCT_BUNDLE_IDENTIFIER = "jackSuOp.cyber-todoist";
				PRODUCT_NAME = "$(TARGET_NAME)";
				SWIFT_EMIT_LOC_STRINGS = YES;
				SWIFT_VERSION = 5.0;
			};
			name = Release;
		};
		040549752D56BB3C001206B2 /* Debug */ = {
			isa = XCBuildConfiguration;
			buildSettings = {
				BUNDLE_LOADER = "$(TEST_HOST)";
				CODE_SIGN_STYLE = Automatic;
				CURRENT_PROJECT_VERSION = 1;
				GENERATE_INFOPLIST_FILE = YES;
				MACOSX_DEPLOYMENT_TARGET = 15.2;
				MARKETING_VERSION = 1.0;
				PRODUCT_BUNDLE_IDENTIFIER = "jackSuOp.cyber-todoistTests";
				PRODUCT_NAME = "$(TARGET_NAME)";
				SWIFT_EMIT_LOC_STRINGS = NO;
				SWIFT_VERSION = 5.0;
				TEST_HOST = "$(BUILT_PRODUCTS_DIR)/cyber-todoist.app/$(BUNDLE_EXECUTABLE_FOLDER_PATH)/cyber-todoist";
			};
			name = Debug;
		};
		040549762D56BB3C001206B2 /* Release */ = {
			isa = XCBuildConfiguration;
			buildSettings = {
				BUNDLE_LOADER = "$(TEST_HOST)";
				CODE_SIGN_STYLE = Automatic;
				CURRENT_PROJECT_VERSION = 1;
				GENERATE_INFOPLIST_FILE = YES;
				MACOSX_DEPLOYMENT_TARGET = 15.2;
				MARKETING_VERSION = 1.0;
				PRODUCT_BUNDLE_IDENTIFIER = "jackSuOp.cyber-todoistTests";
				PRODUCT_NAME = "$(TARGET_NAME)";
				SWIFT_EMIT_LOC_STRINGS = NO;
				SWIFT_VERSION = 5.0;
				TEST_HOST = "$(BUILT_PRODUCTS_DIR)/cyber-todoist.app/$(BUNDLE_EXECUTABLE_FOLDER_PATH)/cyber-todoist";
			};
			name = Release;
		};
		040549782D56BB3C001206B2 /* Debug */ = {
			isa = XCBuildConfiguration;
			buildSettings = {
				CODE_SIGN_STYLE = Automatic;
				CURRENT_PROJECT_VERSION = 1;
				GENERATE_INFOPLIST_FILE = YES;
				MARKETING_VERSION = 1.0;
				PRODUCT_BUNDLE_IDENTIFIER = "jackSuOp.cyber-todoistUITests";
				PRODUCT_NAME = "$(TARGET_NAME)";
				SWIFT_EMIT_LOC_STRINGS = NO;
				SWIFT_VERSION = 5.0;
				TEST_TARGET_NAME = "cyber-todoist";
			};
			name = Debug;
		};
		040549792D56BB3C001206B2 /* Release */ = {
			isa = XCBuildConfiguration;
			buildSettings = {
				CODE_SIGN_STYLE = Automatic;
				CURRENT_PROJECT_VERSION = 1;
				GENERATE_INFOPLIST_FILE = YES;
				MARKETING_VERSION = 1.0;
				PRODUCT_BUNDLE_IDENTIFIER = "jackSuOp.cyber-todoistUITests";
				PRODUCT_NAME = "$(TARGET_NAME)";
				SWIFT_EMIT_LOC_STRINGS = NO;
				SWIFT_VERSION = 5.0;
				TEST_TARGET_NAME = "cyber-todoist";
			};
			name = Release;
		};
/* End XCBuildConfiguration section */

/* Begin XCConfigurationList section */
		040549472D56BB3A001206B2 /* Build configuration list for PBXProject "cyber-todoist" */ = {
			isa = XCConfigurationList;
			buildConfigurations = (
				0405496F2D56BB3C001206B2 /* Debug */,
				040549702D56BB3C001206B2 /* Release */,
			);
			defaultConfigurationIsVisible = 0;
			defaultConfigurationName = Release;
		};
		040549712D56BB3C001206B2 /* Build configuration list for PBXNativeTarget "cyber-todoist" */ = {
			isa = XCConfigurationList;
			buildConfigurations = (
				040549722D56BB3C001206B2 /* Debug */,
				040549732D56BB3C001206B2 /* Release */,
			);
			defaultConfigurationIsVisible = 0;
			defaultConfigurationName = Release;
		};
		040549742D56BB3C001206B2 /* Build configuration list for PBXNativeTarget "cyber-todoistTests" */ = {
			isa = XCConfigurationList;
			buildConfigurations = (
				040549752D56BB3C001206B2 /* Debug */,
				040549762D56BB3C001206B2 /* Release */,
			);
			defaultConfigurationIsVisible = 0;
			defaultConfigurationName = Release;
		};
		040549772D56BB3C001206B2 /* Build configuration list for PBXNativeTarget "cyber-todoistUITests" */ = {
			isa = XCConfigurationList;
			buildConfigurations = (
				040549782D56BB3C001206B2 /* Debug */,
				040549792D56BB3C001206B2 /* Release */,
			);
			defaultConfigurationIsVisible = 0;
			defaultConfigurationName = Release;
		};
/* End XCConfigurationList section */
	};
	rootObject = 040549442D56BB3A001206B2 /* Project object */;
}
